
Microsoft Visual Studio Solution File, Format Version 12.00
# Visual Studio Version 16
VisualStudioVersion = 16.0.30907.101
MinimumVisualStudioVersion = 10.0.40219.1
Project("{9A19103F-16F7-4668-BE54-9A1E7A4F7556}") = "ngt-editor", "ngt-editor\ngt-editor.csproj", "{0693E2B7-07F1-4F4E-8369-8BB5DE946271}"
EndProject
Project("{FAE04EC0-301F-11D3-BF4B-00C04F79EFBC}") = "ngt-editor.Common", "ngt-editor.Common\ngt-editor.Common.csproj", "{25BA9030-4ABE-432A-9C61-128B7464FCD8}"
EndProject
Global
	GlobalSection(SolutionConfigurationPlatforms) = preSolution
		Debug|Any CPU = Debug|Any CPU
		Release|Any CPU = Release|Any CPU
	EndGlobalSection
	GlobalSection(ProjectConfigurationPlatforms) = postSolution
		{0693E2B7-07F1-4F4E-8369-8BB5DE946271}.Debug|Any CPU.ActiveCfg = Debug|Any CPU
		{0693E2B7-07F1-4F4E-8369-8BB5DE946271}.Debug|Any CPU.Build.0 = Debug|Any CPU
		{0693E2B7-07F1-4F4E-8369-8BB5DE946271}.Release|Any CPU.ActiveCfg = Release|Any CPU
		{0693E2B7-07F1-4F4E-8369-8BB5DE946271}.Release|Any CPU.Build.0 = Release|Any CPU
		{25BA9030-4ABE-432A-9C61-128B7464FCD8}.Debug|Any CPU.ActiveCfg = Debug|Any CPU
		{25BA9030-4ABE-432A-9C61-128B7464FCD8}.Debug|Any CPU.Build.0 = Debug|Any CPU
		{25BA9030-4ABE-432A-9C61-128B7464FCD8}.Release|Any CPU.ActiveCfg = Release|Any CPU
		{25BA9030-4ABE-432A-9C61-128B7464FCD8}.Release|Any CPU.Build.0 = Release|Any CPU
	EndGlobalSection
	GlobalSection(SolutionProperties) = preSolution
		HideSolutionNode = FALSE
	EndGlobalSection
	GlobalSection(ExtensibilityGlobals) = postSolution
		SolutionGuid = {9D2F8922-285F-4167-8B9F-67A98D2B4DCC}
	EndGlobalSection
EndGlobal
