
Microsoft Visual Studio Solution File, Format Version 12.00
# Visual Studio Version 16
VisualStudioVersion = 16.0.30907.101
MinimumVisualStudioVersion = 10.0.40219.1
Project("{9A19103F-16F7-4668-BE54-9A1E7A4F7556}") = "NgtEditor.App", "NgtEditor.App\NgtEditor.App.csproj", "{0693E2B7-07F1-4F4E-8369-8BB5DE946271}"
EndProject
Project("{9A19103F-16F7-4668-BE54-9A1E7A4F7556}") = "NgtEditor.Common", "NgtEditor.Common\NgtEditor.Common.csproj", "{25BA9030-4ABE-432A-9C61-128B7464FCD8}"
EndProject
Project("{9A19103F-16F7-4668-BE54-9A1E7A4F7556}") = "NgtEditor", "NgtEditor\NgtEditor.csproj", "{3584665B-E97F-487E-9619-269E87329023}"
EndProject
Project("{9A19103F-16F7-4668-BE54-9A1E7A4F7556}") = "NgtEditor.Splat", "NgtEditor.Splat\NgtEditor.Splat.csproj", "{63779853-E6E9-43B7-9D57-B7540DE45467}"
EndProject
Project("{FAE04EC0-301F-11D3-BF4B-00C04F79EFBC}") = "NgtEditor.Autofac", "NgtEditor.Autofac\NgtEditor.Autofac.csproj", "{F84ACBB9-7E21-43D7-82ED-9C1AF3BEB874}"
EndProject
Global
	GlobalSection(SolutionConfigurationPlatforms) = preSolution
		Debug|Any CPU = Debug|Any CPU
		Release|Any CPU = Release|Any CPU
	EndGlobalSection
	GlobalSection(ProjectConfigurationPlatforms) = postSolution
		{0693E2B7-07F1-4F4E-8369-8BB5DE946271}.Debug|Any CPU.ActiveCfg = Debug|Any CPU
		{0693E2B7-07F1-4F4E-8369-8BB5DE946271}.Debug|Any CPU.Build.0 = Debug|Any CPU
		{0693E2B7-07F1-4F4E-8369-8BB5DE946271}.Release|Any CPU.ActiveCfg = Release|Any CPU
		{0693E2B7-07F1-4F4E-8369-8BB5DE946271}.Release|Any CPU.Build.0 = Release|Any CPU
		{25BA9030-4ABE-432A-9C61-128B7464FCD8}.Debug|Any CPU.ActiveCfg = Debug|Any CPU
		{25BA9030-4ABE-432A-9C61-128B7464FCD8}.Debug|Any CPU.Build.0 = Debug|Any CPU
		{25BA9030-4ABE-432A-9C61-128B7464FCD8}.Release|Any CPU.ActiveCfg = Release|Any CPU
		{25BA9030-4ABE-432A-9C61-128B7464FCD8}.Release|Any CPU.Build.0 = Release|Any CPU
		{3584665B-E97F-487E-9619-269E87329023}.Debug|Any CPU.ActiveCfg = Debug|Any CPU
		{3584665B-E97F-487E-9619-269E87329023}.Debug|Any CPU.Build.0 = Debug|Any CPU
		{3584665B-E97F-487E-9619-269E87329023}.Release|Any CPU.ActiveCfg = Release|Any CPU
		{3584665B-E97F-487E-9619-269E87329023}.Release|Any CPU.Build.0 = Release|Any CPU
		{63779853-E6E9-43B7-9D57-B7540DE45467}.Debug|Any CPU.ActiveCfg = Debug|Any CPU
		{63779853-E6E9-43B7-9D57-B7540DE45467}.Debug|Any CPU.Build.0 = Debug|Any CPU
		{63779853-E6E9-43B7-9D57-B7540DE45467}.Release|Any CPU.ActiveCfg = Release|Any CPU
		{63779853-E6E9-43B7-9D57-B7540DE45467}.Release|Any CPU.Build.0 = Release|Any CPU
		{F84ACBB9-7E21-43D7-82ED-9C1AF3BEB874}.Debug|Any CPU.ActiveCfg = Debug|Any CPU
		{F84ACBB9-7E21-43D7-82ED-9C1AF3BEB874}.Debug|Any CPU.Build.0 = Debug|Any CPU
		{F84ACBB9-7E21-43D7-82ED-9C1AF3BEB874}.Release|Any CPU.ActiveCfg = Release|Any CPU
		{F84ACBB9-7E21-43D7-82ED-9C1AF3BEB874}.Release|Any CPU.Build.0 = Release|Any CPU
	EndGlobalSection
	GlobalSection(SolutionProperties) = preSolution
		HideSolutionNode = FALSE
	EndGlobalSection
	GlobalSection(ExtensibilityGlobals) = postSolution
		SolutionGuid = {9D2F8922-285F-4167-8B9F-67A98D2B4DCC}
	EndGlobalSection
EndGlobal
